
Microsoft Visual Studio Solution File, Format Version 12.00
# Visual Studio Version 16
VisualStudioVersion = 16.0.31729.503
MinimumVisualStudioVersion = 10.0.40219.1
Project("{FAE04EC0-301F-11D3-BF4B-00C04F79EFBC}") = "Tinkoff_Router", "Tinkoff_Router\Tinkoff_Router.csproj", "{2E10EC99-1A81-479A-BC27-9CF2023611D1}"
EndProject
Global
	GlobalSection(SolutionConfigurationPlatforms) = preSolution
		Debug|Any CPU = Debug|Any CPU
		Release|Any CPU = Release|Any CPU
	EndGlobalSection
	GlobalSection(ProjectConfigurationPlatforms) = postSolution
		{2E10EC99-1A81-479A-BC27-9CF2023611D1}.Debug|Any CPU.ActiveCfg = Debug|Any CPU
		{2E10EC99-1A81-479A-BC27-9CF2023611D1}.Debug|Any CPU.Build.0 = Debug|Any CPU
		{2E10EC99-1A81-479A-BC27-9CF2023611D1}.Release|Any CPU.ActiveCfg = Release|Any CPU
		{2E10EC99-1A81-479A-BC27-9CF2023611D1}.Release|Any CPU.Build.0 = Release|Any CPU
	EndGlobalSection
	GlobalSection(SolutionProperties) = preSolution
		HideSolutionNode = FALSE
	EndGlobalSection
	GlobalSection(ExtensibilityGlobals) = postSolution
		SolutionGuid = {A0E9AFDD-7FF6-474C-B340-471E6574E591}
	EndGlobalSection
EndGlobal
