
Microsoft Visual Studio Solution File, Format Version 12.00
# Visual Studio Version 17
VisualStudioVersion = 17.9.34607.119
MinimumVisualStudioVersion = 10.0.40219.1
Project("{FAE04EC0-301F-11D3-BF4B-00C04F79EFBC}") = "TInvestApi", "TInvestApi.csproj", "{956DFC64-FAB4-4B71-B2D8-2EBB6FCD6232}"
EndProject
Global
	GlobalSection(SolutionConfigurationPlatforms) = preSolution
		Debug|Any CPU = Debug|Any CPU
		Release|Any CPU = Release|Any CPU
	EndGlobalSection
	GlobalSection(ProjectConfigurationPlatforms) = postSolution
		{956DFC64-FAB4-4B71-B2D8-2EBB6FCD6232}.Debug|Any CPU.ActiveCfg = Debug|Any CPU
		{956DFC64-FAB4-4B71-B2D8-2EBB6FCD6232}.Debug|Any CPU.Build.0 = Debug|Any CPU
		{956DFC64-FAB4-4B71-B2D8-2EBB6FCD6232}.Release|Any CPU.ActiveCfg = Release|Any CPU
		{956DFC64-FAB4-4B71-B2D8-2EBB6FCD6232}.Release|Any CPU.Build.0 = Release|Any CPU
	EndGlobalSection
	GlobalSection(SolutionProperties) = preSolution
		HideSolutionNode = FALSE
	EndGlobalSection
	GlobalSection(ExtensibilityGlobals) = postSolution
		SolutionGuid = {4195BF3B-47C4-462F-AE87-6C5B90A990F5}
	EndGlobalSection
EndGlobal
