
Microsoft Visual Studio Solution File, Format Version 12.00
# Visual Studio Version 16
VisualStudioVersion = 16.0.30621.155
MinimumVisualStudioVersion = 10.0.40219.1
Project("{FAE04EC0-301F-11D3-BF4B-00C04F79EFBC}") = "AdminPanel", "AdminPanel\AdminPanel.csproj", "{57C4FE84-283E-481B-B14D-AB89058E94A6}"
EndProject
Global
	GlobalSection(SolutionConfigurationPlatforms) = preSolution
		Debug|Any CPU = Debug|Any CPU
		Release|Any CPU = Release|Any CPU
	EndGlobalSection
	GlobalSection(ProjectConfigurationPlatforms) = postSolution
		{57C4FE84-283E-481B-B14D-AB89058E94A6}.Debug|Any CPU.ActiveCfg = Debug|Any CPU
		{57C4FE84-283E-481B-B14D-AB89058E94A6}.Debug|Any CPU.Build.0 = Debug|Any CPU
		{57C4FE84-283E-481B-B14D-AB89058E94A6}.Release|Any CPU.ActiveCfg = Release|Any CPU
		{57C4FE84-283E-481B-B14D-AB89058E94A6}.Release|Any CPU.Build.0 = Release|Any CPU
	EndGlobalSection
	GlobalSection(SolutionProperties) = preSolution
		HideSolutionNode = FALSE
	EndGlobalSection
	GlobalSection(ExtensibilityGlobals) = postSolution
		SolutionGuid = {4663B49D-9D84-4A57-80B2-C3FC0FC7C79A}
	EndGlobalSection
EndGlobal
